
Microsoft Visual Studio Solution File, Format Version 12.00
# Visual Studio Version 16
VisualStudioVersion = 16.0.31313.79
MinimumVisualStudioVersion = 10.0.40219.1
Project("{FAE04EC0-301F-11D3-BF4B-00C04F79EFBC}") = "EP", "EP.csproj", "{4F502D74-D501-42C5-BD56-6E06DD029216}"
EndProject
Global
	GlobalSection(SolutionConfigurationPlatforms) = preSolution
		Debug|Any CPU = Debug|Any CPU
		Release|Any CPU = Release|Any CPU
	EndGlobalSection
	GlobalSection(ProjectConfigurationPlatforms) = postSolution
		{4F502D74-D501-42C5-BD56-6E06DD029216}.Debug|Any CPU.ActiveCfg = Debug|Any CPU
		{4F502D74-D501-42C5-BD56-6E06DD029216}.Debug|Any CPU.Build.0 = Debug|Any CPU
		{4F502D74-D501-42C5-BD56-6E06DD029216}.Release|Any CPU.ActiveCfg = Release|Any CPU
		{4F502D74-D501-42C5-BD56-6E06DD029216}.Release|Any CPU.Build.0 = Release|Any CPU
	EndGlobalSection
	GlobalSection(SolutionProperties) = preSolution
		HideSolutionNode = FALSE
	EndGlobalSection
	GlobalSection(ExtensibilityGlobals) = postSolution
		SolutionGuid = {CEFC7874-E22A-4AFD-89AC-3349FA2E5708}
	EndGlobalSection
EndGlobal
